# Generated by pub
# See https://dart.dev/tools/pub/glossary#lockfile
packages:
  _fe_analyzer_shared:
    dependency: transitive
    description:
      name: _fe_analyzer_shared
      url: "https://pub.flutter-io.cn"
    source: hosted
    version: "5.0.0"
  analyzer:
    dependency: transitive
    description:
      name: analyzer
      url: "https://pub.flutter-io.cn"
    source: hosted
    version: "0.39.13"
  archive:
    dependency: "direct main"
    description:
      name: archive
      url: "https://pub.flutter-io.cn"
    source: hosted
    version: "2.0.13"
  args:
    dependency: transitive
    description:
      name: args
      url: "https://pub.flutter-io.cn"
    source: hosted
    version: "1.6.0"
  async:
    dependency: transitive
    description:
      name: async
      url: "https://pub.flutter-io.cn"
    source: hosted
    version: "2.4.1"
  badges:
    dependency: "direct main"
    description:
      name: badges
      url: "https://pub.flutter-io.cn"
    source: hosted
    version: "1.1.1"
  boolean_selector:
    dependency: transitive
    description:
      name: boolean_selector
      url: "https://pub.flutter-io.cn"
    source: hosted
    version: "2.0.0"
  bot_toast:
    dependency: "direct main"
    description:
      name: bot_toast
      url: "https://pub.flutter-io.cn"
    source: hosted
    version: "3.0.0"
  build:
    dependency: transitive
    description:
      name: build
      url: "https://pub.flutter-io.cn"
    source: hosted
    version: "1.3.0"
  build_config:
    dependency: transitive
    description:
      name: build_config
      url: "https://pub.flutter-io.cn"
    source: hosted
    version: "0.4.2"
  build_daemon:
    dependency: transitive
    description:
      name: build_daemon
      url: "https://pub.flutter-io.cn"
    source: hosted
    version: "2.1.4"
  build_resolvers:
    dependency: transitive
    description:
      name: build_resolvers
      url: "https://pub.flutter-io.cn"
    source: hosted
    version: "1.3.10"
  build_runner:
    dependency: "direct dev"
    description:
      name: build_runner
      url: "https://pub.flutter-io.cn"
    source: hosted
    version: "1.10.0"
  build_runner_core:
    dependency: transitive
    description:
      name: build_runner_core
      url: "https://pub.flutter-io.cn"
    source: hosted
    version: "5.2.0"
  built_collection:
    dependency: transitive
    description:
      name: built_collection
      url: "https://pub.flutter-io.cn"
    source: hosted
    version: "4.3.2"
  built_value:
    dependency: transitive
    description:
      name: built_value
      url: "https://pub.flutter-io.cn"
    source: hosted
    version: "7.1.0"
  cached_network_image:
    dependency: "direct main"
    description:
      name: cached_network_image
      url: "https://pub.flutter-io.cn"
    source: hosted
    version: "2.2.0+1"
  charcode:
    dependency: transitive
    description:
      name: charcode
      url: "https://pub.flutter-io.cn"
    source: hosted
    version: "1.1.3"
  checked_yaml:
    dependency: transitive
    description:
      name: checked_yaml
      url: "https://pub.flutter-io.cn"
    source: hosted
    version: "1.0.2"
  chewie:
    dependency: transitive
    description:
      name: chewie
      url: "https://pub.flutter-io.cn"
    source: hosted
    version: "0.9.10"
  chewie_audio:
    dependency: transitive
    description:
      name: chewie_audio
      url: "https://pub.flutter-io.cn"
    source: hosted
    version: "1.0.0+1"
  clock:
    dependency: transitive
    description:
      name: clock
      url: "https://pub.flutter-io.cn"
    source: hosted
    version: "1.0.1"
  code_builder:
    dependency: transitive
    description:
      name: code_builder
      url: "https://pub.flutter-io.cn"
    source: hosted
    version: "3.4.0"
  collection:
    dependency: transitive
    description:
      name: collection
      url: "https://pub.flutter-io.cn"
    source: hosted
    version: "1.14.12"
  convert:
    dependency: transitive
    description:
      name: convert
      url: "https://pub.flutter-io.cn"
    source: hosted
    version: "2.1.1"
  crypto:
    dependency: "direct main"
    description:
      name: crypto
      url: "https://pub.flutter-io.cn"
    source: hosted
    version: "2.1.4"
  css_colors:
    dependency: transitive
    description:
      name: css_colors
      url: "https://pub.flutter-io.cn"
    source: hosted
    version: "1.0.2"
  csslib:
    dependency: transitive
    description:
      name: csslib
      url: "https://pub.flutter-io.cn"
    source: hosted
    version: "0.16.1"
  cupertino_icons:
    dependency: transitive
    description:
      name: cupertino_icons
      url: "https://pub.flutter-io.cn"
    source: hosted
    version: "0.1.3"
  dart_style:
    dependency: transitive
    description:
      name: dart_style
      url: "https://pub.flutter-io.cn"
    source: hosted
    version: "1.3.6"
  device_info:
    dependency: "direct main"
    description:
      name: device_info
      url: "https://pub.flutter-io.cn"
    source: hosted
    version: "0.4.2+4"
  dio:
    dependency: "direct main"
    description:
      name: dio
      url: "https://pub.flutter-io.cn"
    source: hosted
    version: "3.0.9"
  extended_nested_scroll_view:
    dependency: "direct main"
    description:
      name: extended_nested_scroll_view
      url: "https://pub.flutter-io.cn"
    source: hosted
    version: "1.0.1"
  file:
    dependency: transitive
    description:
      name: file
      url: "https://pub.flutter-io.cn"
    source: hosted
    version: "5.2.1"
  fixnum:
    dependency: transitive
    description:
      name: fixnum
      url: "https://pub.flutter-io.cn"
    source: hosted
    version: "0.10.11"
  flutter:
    dependency: "direct main"
    description: flutter
    source: sdk
    version: "0.0.0"
  flutter_cache_manager:
    dependency: "direct main"
    description:
      name: flutter_cache_manager
      url: "https://pub.flutter-io.cn"
    source: hosted
    version: "1.4.1"
  flutter_cupertino_date_picker:
    dependency: "direct main"
    description:
      name: flutter_cupertino_date_picker
      url: "https://pub.flutter-io.cn"
    source: hosted
    version: "1.0.26+2"
  flutter_date_pickers:
    dependency: "direct main"
    description:
      name: flutter_date_pickers
      url: "https://pub.flutter-io.cn"
    source: hosted
    version: "0.1.4"
  flutter_displaymode:
    dependency: "direct main"
    description:
      name: flutter_displaymode
      url: "https://pub.flutter-io.cn"
    source: hosted
    version: "0.1.0"
  flutter_easyrefresh:
    dependency: "direct main"
    description:
      name: flutter_easyrefresh
      url: "https://pub.flutter-io.cn"
    source: hosted
    version: "2.1.1"
  flutter_hooks:
    dependency: "direct main"
    description:
      name: flutter_hooks
      url: "https://pub.flutter-io.cn"
    source: hosted
    version: "0.12.0"
  flutter_html:
    dependency: "direct main"
    description:
      name: flutter_html
      url: "https://pub.flutter-io.cn"
    source: hosted
    version: "1.0.0"
  flutter_inapp_purchase:
    dependency: "direct main"
    description:
      name: flutter_inapp_purchase
      url: "https://pub.flutter-io.cn"
    source: hosted
    version: "2.2.0"
  flutter_localizations:
    dependency: "direct main"
    description: flutter
    source: sdk
    version: "0.0.0"
  flutter_mobx:
    dependency: "direct main"
    description:
      name: flutter_mobx
      url: "https://pub.flutter-io.cn"
    source: hosted
    version: "1.1.0+1"
  flutter_plugin_android_lifecycle:
    dependency: transitive
    description:
      name: flutter_plugin_android_lifecycle
      url: "https://pub.flutter-io.cn"
    source: hosted
    version: "1.0.8"
  flutter_staggered_grid_view:
    dependency: "direct main"
    description:
      path: "plugins/flutter_staggered_grid_view"
      relative: true
    source: path
    version: "0.3.0"
  flutter_svg:
    dependency: transitive
    description:
      name: flutter_svg
      url: "https://pub.flutter-io.cn"
    source: hosted
    version: "0.17.4"
  flutter_test:
    dependency: "direct dev"
    description: flutter
    source: sdk
    version: "0.0.0"
  flutter_web_plugins:
    dependency: transitive
    description: flutter
    source: sdk
    version: "0.0.0"
  glob:
    dependency: transitive
    description:
      name: glob
      url: "https://pub.flutter-io.cn"
    source: hosted
    version: "1.2.0"
  graphs:
    dependency: transitive
    description:
      name: graphs
      url: "https://pub.flutter-io.cn"
    source: hosted
    version: "0.2.0"
  html:
    dependency: transitive
    description:
      name: html
      url: "https://pub.flutter-io.cn"
    source: hosted
    version: "0.14.0+3"
  http:
    dependency: transitive
    description:
      name: http
      url: "https://pub.flutter-io.cn"
    source: hosted
    version: "0.12.1"
  http_multi_server:
    dependency: transitive
    description:
      name: http_multi_server
      url: "https://pub.flutter-io.cn"
    source: hosted
    version: "2.2.0"
  http_parser:
    dependency: transitive
    description:
      name: http_parser
      url: "https://pub.flutter-io.cn"
    source: hosted
    version: "3.1.4"
  image:
    dependency: transitive
    description:
      name: image
      url: "https://pub.flutter-io.cn"
    source: hosted
    version: "2.1.12"
  image_picker:
    dependency: "direct main"
    description:
      name: image_picker
      url: "https://pub.flutter-io.cn"
    source: hosted
    version: "0.6.7+4"
  image_picker_platform_interface:
    dependency: transitive
    description:
      name: image_picker_platform_interface
      url: "https://pub.flutter-io.cn"
    source: hosted
    version: "1.1.0"
  intl:
    dependency: transitive
    description:
      name: intl
      url: "https://pub.flutter-io.cn"
    source: hosted
    version: "0.16.1"
  io:
    dependency: transitive
    description:
      name: io
      url: "https://pub.flutter-io.cn"
    source: hosted
    version: "0.3.4"
  js:
    dependency: transitive
    description:
      name: js
      url: "https://pub.flutter-io.cn"
    source: hosted
    version: "0.6.2"
  json_annotation:
    dependency: transitive
    description:
      name: json_annotation
      url: "https://pub.flutter-io.cn"
    source: hosted
    version: "3.0.1"
  json_serializable:
    dependency: "direct main"
    description:
      name: json_serializable
      url: "https://pub.flutter-io.cn"
    source: hosted
    version: "3.3.0"
  like_button:
    dependency: "direct main"
    description:
      name: like_button
      url: "https://pub.flutter-io.cn"
    source: hosted
    version: "1.0.1"
  logging:
    dependency: transitive
    description:
      name: logging
      url: "https://pub.flutter-io.cn"
    source: hosted
    version: "0.11.4"
  matcher:
    dependency: transitive
    description:
      name: matcher
      url: "https://pub.flutter-io.cn"
    source: hosted
    version: "0.12.6"
  meta:
    dependency: transitive
    description:
      name: meta
      url: "https://pub.flutter-io.cn"
    source: hosted
    version: "1.1.8"
  mime:
    dependency: transitive
    description:
      name: mime
      url: "https://pub.flutter-io.cn"
    source: hosted
    version: "0.9.6+3"
  mobx:
    dependency: "direct main"
    description:
      name: mobx
      url: "https://pub.flutter-io.cn"
    source: hosted
    version: "1.2.1+1"
  mobx_codegen:
    dependency: "direct dev"
    description:
      name: mobx_codegen
      url: "https://pub.flutter-io.cn"
    source: hosted
    version: "1.1.0+1"
  nested:
    dependency: transitive
    description:
      name: nested
      url: "https://pub.flutter-io.cn"
    source: hosted
    version: "0.0.4"
  node_interop:
    dependency: transitive
    description:
      name: node_interop
      url: "https://pub.flutter-io.cn"
    source: hosted
    version: "1.1.1"
  node_io:
    dependency: transitive
    description:
      name: node_io
      url: "https://pub.flutter-io.cn"
    source: hosted
    version: "1.1.1"
  open_iconic_flutter:
    dependency: transitive
    description:
      name: open_iconic_flutter
      url: "https://pub.flutter-io.cn"
    source: hosted
    version: "0.3.0"
  package_config:
    dependency: transitive
    description:
      name: package_config
      url: "https://pub.flutter-io.cn"
    source: hosted
    version: "1.9.3"
  package_info:
    dependency: "direct main"
    description:
      name: package_info
      url: "https://pub.flutter-io.cn"
    source: hosted
    version: "0.4.1"
  path:
    dependency: transitive
    description:
      name: path
      url: "https://pub.flutter-io.cn"
    source: hosted
    version: "1.6.4"
  path_drawing:
    dependency: transitive
    description:
      name: path_drawing
      url: "https://pub.flutter-io.cn"
    source: hosted
    version: "0.4.1"
  path_parsing:
    dependency: transitive
    description:
      name: path_parsing
      url: "https://pub.flutter-io.cn"
    source: hosted
    version: "0.1.4"
  path_provider:
    dependency: "direct main"
    description:
      name: path_provider
      url: "https://pub.flutter-io.cn"
    source: hosted
    version: "1.6.11"
  path_provider_linux:
    dependency: transitive
    description:
      name: path_provider_linux
      url: "https://pub.flutter-io.cn"
    source: hosted
    version: "0.0.1+2"
  path_provider_macos:
    dependency: transitive
    description:
      name: path_provider_macos
      url: "https://pub.flutter-io.cn"
    source: hosted
    version: "0.0.4+3"
  path_provider_platform_interface:
    dependency: transitive
    description:
      name: path_provider_platform_interface
      url: "https://pub.flutter-io.cn"
    source: hosted
    version: "1.0.2"
  pedantic:
    dependency: transitive
    description:
      name: pedantic
      url: "https://pub.flutter-io.cn"
    source: hosted
    version: "1.9.0"
  permission_handler:
    dependency: "direct main"
    description:
      name: permission_handler
      url: "https://pub.flutter-io.cn"
    source: hosted
    version: "5.0.1+1"
  permission_handler_platform_interface:
    dependency: transitive
    description:
      name: permission_handler_platform_interface
      url: "https://pub.flutter-io.cn"
    source: hosted
    version: "2.0.1"
  petitparser:
    dependency: transitive
    description:
      name: petitparser
      url: "https://pub.flutter-io.cn"
    source: hosted
    version: "2.4.0"
  photo_view:
    dependency: "direct main"
    description:
      name: photo_view
      url: "https://pub.flutter-io.cn"
    source: hosted
    version: "0.9.2"
  platform:
    dependency: transitive
    description:
      name: platform
      url: "https://pub.flutter-io.cn"
    source: hosted
    version: "2.2.1"
  platform_detect:
    dependency: transitive
    description:
      name: platform_detect
      url: "https://pub.flutter-io.cn"
    source: hosted
    version: "1.4.0"
  plugin_platform_interface:
    dependency: transitive
    description:
      name: plugin_platform_interface
      url: "https://pub.flutter-io.cn"
    source: hosted
    version: "1.0.2"
  pool:
    dependency: transitive
    description:
      name: pool
      url: "https://pub.flutter-io.cn"
    source: hosted
    version: "1.4.0"
  process:
    dependency: transitive
    description:
      name: process
      url: "https://pub.flutter-io.cn"
    source: hosted
    version: "3.0.13"
  provider:
    dependency: "direct main"
    description:
      name: provider
      url: "https://pub.flutter-io.cn"
    source: hosted
    version: "4.3.1"
  pub_semver:
    dependency: transitive
    description:
      name: pub_semver
      url: "https://pub.flutter-io.cn"
    source: hosted
    version: "1.4.4"
  pubspec_parse:
    dependency: transitive
    description:
      name: pubspec_parse
      url: "https://pub.flutter-io.cn"
    source: hosted
    version: "0.1.5"
  quiver:
    dependency: transitive
    description:
      name: quiver
      url: "https://pub.flutter-io.cn"
    source: hosted
    version: "2.1.3"
  receive_sharing_intent:
    dependency: "direct main"
    description:
      name: receive_sharing_intent
      url: "https://pub.flutter-io.cn"
    source: hosted
    version: "1.4.0+2"
  rxdart:
    dependency: transitive
    description:
      name: rxdart
      url: "https://pub.flutter-io.cn"
    source: hosted
    version: "0.24.1"
  save_in_gallery:
    dependency: "direct main"
    description:
      name: save_in_gallery
      url: "https://pub.flutter-io.cn"
    source: hosted
    version: "0.1.3"
  screen:
    dependency: transitive
    description:
      name: screen
      url: "https://pub.flutter-io.cn"
    source: hosted
    version: "0.0.5"
  scrollable_positioned_list:
    dependency: "direct main"
    description:
      name: scrollable_positioned_list
      url: "https://pub.flutter-io.cn"
    source: hosted
    version: "0.1.6"
  share:
    dependency: "direct main"
    description:
      name: share
      url: "https://pub.flutter-io.cn"
    source: hosted
    version: "0.6.4+3"
  share_extend:
    dependency: "direct main"
    description:
      name: share_extend
      url: "https://pub.flutter-io.cn"
    source: hosted
    version: "1.1.9"
  shared_preferences:
    dependency: "direct main"
    description:
      name: shared_preferences
      url: "https://pub.flutter-io.cn"
    source: hosted
    version: "0.5.8"
  shared_preferences_linux:
    dependency: transitive
    description:
      name: shared_preferences_linux
      url: "https://pub.flutter-io.cn"
    source: hosted
    version: "0.0.2+1"
  shared_preferences_macos:
    dependency: transitive
    description:
      name: shared_preferences_macos
      url: "https://pub.flutter-io.cn"
    source: hosted
    version: "0.0.1+10"
  shared_preferences_platform_interface:
    dependency: transitive
    description:
      name: shared_preferences_platform_interface
      url: "https://pub.flutter-io.cn"
    source: hosted
    version: "1.0.4"
  shared_preferences_web:
    dependency: transitive
    description:
      name: shared_preferences_web
      url: "https://pub.flutter-io.cn"
    source: hosted
    version: "0.1.2+7"
  shelf:
    dependency: transitive
    description:
      name: shelf
      url: "https://pub.flutter-io.cn"
    source: hosted
    version: "0.7.7"
  shelf_web_socket:
    dependency: transitive
    description:
      name: shelf_web_socket
      url: "https://pub.flutter-io.cn"
    source: hosted
    version: "0.2.3"
  sky_engine:
    dependency: transitive
    description: flutter
    source: sdk
    version: "0.0.99"
  source_gen:
    dependency: transitive
    description:
      name: source_gen
      url: "https://pub.flutter-io.cn"
    source: hosted
    version: "0.9.6"
  source_span:
    dependency: transitive
    description:
      name: source_span
      url: "https://pub.flutter-io.cn"
    source: hosted
    version: "1.7.0"
  sqflite:
    dependency: "direct main"
    description:
      name: sqflite
      url: "https://pub.flutter-io.cn"
    source: hosted
    version: "1.3.1"
  sqflite_common:
    dependency: transitive
    description:
      name: sqflite_common
      url: "https://pub.flutter-io.cn"
    source: hosted
    version: "1.0.2+1"
  stack_trace:
    dependency: transitive
    description:
      name: stack_trace
      url: "https://pub.flutter-io.cn"
    source: hosted
    version: "1.9.3"
  stream_channel:
    dependency: transitive
    description:
      name: stream_channel
      url: "https://pub.flutter-io.cn"
    source: hosted
    version: "2.0.0"
  stream_transform:
    dependency: transitive
    description:
      name: stream_transform
      url: "https://pub.flutter-io.cn"
    source: hosted
    version: "1.2.0"
  string_scanner:
    dependency: transitive
    description:
      name: string_scanner
      url: "https://pub.flutter-io.cn"
    source: hosted
    version: "1.0.5"
  synchronized:
    dependency: transitive
    description:
      name: synchronized
      url: "https://pub.flutter-io.cn"
    source: hosted
    version: "2.2.0+1"
  term_glyph:
    dependency: transitive
    description:
      name: term_glyph
      url: "https://pub.flutter-io.cn"
    source: hosted
    version: "1.1.0"
  test_api:
    dependency: transitive
    description:
      name: test_api
      url: "https://pub.flutter-io.cn"
    source: hosted
    version: "0.2.15"
  timing:
    dependency: transitive
    description:
      name: timing
      url: "https://pub.flutter-io.cn"
    source: hosted
    version: "0.1.1+2"
  typed_data:
    dependency: transitive
    description:
      name: typed_data
      url: "https://pub.flutter-io.cn"
    source: hosted
    version: "1.1.6"
  uni_links:
    dependency: "direct main"
    description:
      name: uni_links
      url: "https://pub.flutter-io.cn"
    source: hosted
    version: "0.4.0"
  url_launcher:
    dependency: "direct main"
    description:
      name: url_launcher
      url: "https://pub.flutter-io.cn"
    source: hosted
    version: "5.5.0"
  url_launcher_linux:
    dependency: transitive
    description:
      name: url_launcher_linux
      url: "https://pub.flutter-io.cn"
    source: hosted
    version: "0.0.1+1"
  url_launcher_macos:
    dependency: transitive
    description:
      name: url_launcher_macos
      url: "https://pub.flutter-io.cn"
    source: hosted
    version: "0.0.1+7"
  url_launcher_platform_interface:
    dependency: transitive
    description:
      name: url_launcher_platform_interface
      url: "https://pub.flutter-io.cn"
    source: hosted
    version: "1.0.7"
  url_launcher_web:
    dependency: transitive
    description:
      name: url_launcher_web
      url: "https://pub.flutter-io.cn"
    source: hosted
    version: "0.1.2"
  uuid:
    dependency: transitive
    description:
      name: uuid
      url: "https://pub.flutter-io.cn"
    source: hosted
    version: "2.2.0"
  vector_math:
    dependency: transitive
    description:
      name: vector_math
      url: "https://pub.flutter-io.cn"
    source: hosted
    version: "2.0.8"
  video_player:
    dependency: transitive
    description:
      name: video_player
      url: "https://pub.flutter-io.cn"
    source: hosted
    version: "0.10.11+2"
  video_player_platform_interface:
    dependency: transitive
    description:
      name: video_player_platform_interface
      url: "https://pub.flutter-io.cn"
    source: hosted
    version: "2.0.2"
  video_player_web:
    dependency: transitive
    description:
      name: video_player_web
      url: "https://pub.flutter-io.cn"
    source: hosted
    version: "0.1.3+2"
  wakelock:
    dependency: transitive
    description:
      name: wakelock
      url: "https://pub.flutter-io.cn"
    source: hosted
    version: "0.1.4+2"
  watcher:
    dependency: transitive
    description:
      name: watcher
      url: "https://pub.flutter-io.cn"
    source: hosted
    version: "0.9.7+15"
  web_socket_channel:
    dependency: transitive
    description:
      name: web_socket_channel
      url: "https://pub.flutter-io.cn"
    source: hosted
    version: "1.1.0"
  webview_flutter:
    dependency: transitive
    description:
      name: webview_flutter
      url: "https://pub.flutter-io.cn"
    source: hosted
    version: "0.3.22+1"
  xdg_directories:
    dependency: transitive
    description:
      name: xdg_directories
      url: "https://pub.flutter-io.cn"
    source: hosted
    version: "0.1.0"
  xml:
    dependency: transitive
    description:
      name: xml
      url: "https://pub.flutter-io.cn"
    source: hosted
    version: "3.6.1"
  yaml:
    dependency: transitive
    description:
      name: yaml
      url: "https://pub.flutter-io.cn"
    source: hosted
    version: "2.2.1"
sdks:
  dart: ">=2.8.0 <3.0.0"
  flutter: ">=1.17.0 <2.0.0"
