# Generated by pub
# See https://dart.dev/tools/pub/glossary#lockfile
packages:
  _fe_analyzer_shared:
    dependency: transitive
    description:
      name: _fe_analyzer_shared
      url: "https://pub.flutter-io.cn"
    source: hosted
    version: "1.0.3"
  analyzer:
    dependency: transitive
    description:
      name: analyzer
      url: "https://pub.flutter-io.cn"
    source: hosted
    version: "0.39.4"
  archive:
    dependency: "direct main"
    description:
      name: archive
      url: "https://pub.flutter-io.cn"
    source: hosted
    version: "2.0.11"
  args:
    dependency: transitive
    description:
      name: args
      url: "https://pub.flutter-io.cn"
    source: hosted
    version: "1.5.2"
  async:
    dependency: transitive
    description:
      name: async
      url: "https://pub.flutter-io.cn"
    source: hosted
    version: "2.4.0"
  bloc:
    dependency: transitive
    description:
      name: bloc
      url: "https://pub.flutter-io.cn"
    source: hosted
    version: "3.0.0"
  boolean_selector:
    dependency: transitive
    description:
      name: boolean_selector
      url: "https://pub.flutter-io.cn"
    source: hosted
    version: "1.0.5"
  bot_toast:
    dependency: "direct main"
    description:
      name: bot_toast
      url: "https://pub.flutter-io.cn"
    source: hosted
    version: "2.2.1"
  bottom_navy_bar:
    dependency: "direct main"
    description:
      name: bottom_navy_bar
      url: "https://pub.flutter-io.cn"
    source: hosted
    version: "5.2.2"
  build:
    dependency: transitive
    description:
      name: build
      url: "https://pub.flutter-io.cn"
    source: hosted
    version: "1.2.2"
  build_config:
    dependency: transitive
    description:
      name: build_config
      url: "https://pub.flutter-io.cn"
    source: hosted
    version: "0.4.1+1"
  cached_network_image:
    dependency: "direct main"
    description:
      name: cached_network_image
      url: "https://pub.flutter-io.cn"
    source: hosted
    version: "2.0.0"
  charcode:
    dependency: transitive
    description:
      name: charcode
      url: "https://pub.flutter-io.cn"
    source: hosted
    version: "1.1.2"
  checked_yaml:
    dependency: transitive
    description:
      name: checked_yaml
      url: "https://pub.flutter-io.cn"
    source: hosted
    version: "1.0.2"
  chewie:
    dependency: transitive
    description:
      name: chewie
      url: "https://pub.flutter-io.cn"
    source: hosted
    version: "0.9.8+1"
  chewie_audio:
    dependency: transitive
    description:
      name: chewie_audio
      url: "https://pub.flutter-io.cn"
    source: hosted
    version: "1.0.0+1"
  collection:
    dependency: transitive
    description:
      name: collection
      url: "https://pub.flutter-io.cn"
    source: hosted
    version: "1.14.11"
  convert:
    dependency: transitive
    description:
      name: convert
      url: "https://pub.flutter-io.cn"
    source: hosted
    version: "2.1.1"
  crypto:
    dependency: "direct main"
    description:
      name: crypto
      url: "https://pub.flutter-io.cn"
    source: hosted
    version: "2.1.3"
  css_colors:
    dependency: transitive
    description:
      name: css_colors
      url: "https://pub.flutter-io.cn"
    source: hosted
    version: "1.0.2"
  csslib:
    dependency: transitive
    description:
      name: csslib
      url: "https://pub.flutter-io.cn"
    source: hosted
    version: "0.16.1"
  cupertino_icons:
    dependency: "direct main"
    description:
      name: cupertino_icons
      url: "https://pub.flutter-io.cn"
    source: hosted
    version: "0.1.3"
  dart_style:
    dependency: transitive
    description:
      name: dart_style
      url: "https://pub.flutter-io.cn"
    source: hosted
    version: "1.3.3"
  dio:
    dependency: "direct main"
    description:
      name: dio
      url: "https://pub.flutter-io.cn"
    source: hosted
    version: "3.0.7"
  equatable:
    dependency: "direct main"
    description:
      name: equatable
      url: "https://pub.flutter-io.cn"
    source: hosted
    version: "1.0.2"
  flutter:
    dependency: "direct main"
    description: flutter
    source: sdk
    version: "0.0.0"
  flutter_bloc:
    dependency: "direct main"
    description:
      name: flutter_bloc
      url: "https://pub.flutter-io.cn"
    source: hosted
    version: "3.1.0"
  flutter_cache_manager:
    dependency: "direct main"
    description:
      name: flutter_cache_manager
      url: "https://pub.flutter-io.cn"
    source: hosted
    version: "1.1.3"
  flutter_cupertino_date_picker:
    dependency: "direct main"
    description:
      name: flutter_cupertino_date_picker
      url: "https://pub.flutter-io.cn"
    source: hosted
    version: "1.0.12"
  flutter_easyrefresh:
    dependency: "direct main"
    description:
      name: flutter_easyrefresh
      url: "https://pub.flutter-io.cn"
    source: hosted
    version: "2.0.8"
  flutter_html:
    dependency: "direct main"
    description:
      name: flutter_html
      url: "https://pub.flutter-io.cn"
    source: hosted
    version: "1.0.0-pre.1"
  flutter_localizations:
    dependency: "direct main"
    description: flutter
    source: sdk
    version: "0.0.0"
  flutter_staggered_grid_view:
    dependency: "direct main"
    description:
      name: flutter_staggered_grid_view
      url: "https://pub.flutter-io.cn"
    source: hosted
    version: "0.3.0"
  flutter_svg:
    dependency: transitive
    description:
      name: flutter_svg
      url: "https://pub.flutter-io.cn"
    source: hosted
    version: "0.14.4"
  flutter_test:
    dependency: "direct dev"
    description: flutter
    source: sdk
    version: "0.0.0"
  flutter_web_plugins:
    dependency: transitive
    description: flutter
    source: sdk
    version: "0.0.0"
  glob:
    dependency: transitive
    description:
      name: glob
      url: "https://pub.flutter-io.cn"
    source: hosted
    version: "1.2.0"
  google_fonts:
    dependency: "direct main"
    description:
      name: google_fonts
      url: "https://pub.flutter-io.cn"
    source: hosted
    version: "0.2.0"
  html:
    dependency: "direct main"
    description:
      name: html
      url: "https://pub.flutter-io.cn"
    source: hosted
    version: "0.14.0+3"
  http:
    dependency: transitive
    description:
      name: http
      url: "https://pub.flutter-io.cn"
    source: hosted
    version: "0.12.0+3"
  http_parser:
    dependency: transitive
    description:
      name: http_parser
      url: "https://pub.flutter-io.cn"
    source: hosted
    version: "3.1.3"
  image:
    dependency: transitive
    description:
      name: image
      url: "https://pub.flutter-io.cn"
    source: hosted
    version: "2.1.4"
  in_app_purchase:
    dependency: "direct main"
    description:
      name: in_app_purchase
      url: "https://pub.flutter-io.cn"
    source: hosted
    version: "0.3.0"
  intl:
    dependency: transitive
    description:
      name: intl
      url: "https://pub.flutter-io.cn"
    source: hosted
    version: "0.16.0"
  js:
    dependency: transitive
    description:
      name: js
      url: "https://pub.flutter-io.cn"
    source: hosted
    version: "0.6.1+1"
  json_annotation:
    dependency: transitive
    description:
      name: json_annotation
      url: "https://pub.flutter-io.cn"
    source: hosted
    version: "3.0.1"
  json_serializable:
    dependency: "direct main"
    description:
      name: json_serializable
      url: "https://pub.flutter-io.cn"
    source: hosted
    version: "3.2.5"
  logging:
    dependency: transitive
    description:
      name: logging
      url: "https://pub.flutter-io.cn"
    source: hosted
    version: "0.11.4"
  matcher:
    dependency: transitive
    description:
      name: matcher
      url: "https://pub.flutter-io.cn"
    source: hosted
    version: "0.12.6"
  meta:
    dependency: transitive
    description:
      name: meta
      url: "https://pub.flutter-io.cn"
    source: hosted
    version: "1.1.8"
  nested:
    dependency: transitive
    description:
      name: nested
      url: "https://pub.flutter-io.cn"
    source: hosted
    version: "0.0.4"
  node_interop:
    dependency: transitive
    description:
      name: node_interop
      url: "https://pub.flutter-io.cn"
    source: hosted
    version: "1.0.3"
  node_io:
    dependency: transitive
    description:
      name: node_io
      url: "https://pub.flutter-io.cn"
    source: hosted
    version: "1.0.1+2"
  open_iconic_flutter:
    dependency: transitive
    description:
      name: open_iconic_flutter
      url: "https://pub.flutter-io.cn"
    source: hosted
    version: "0.3.0"
  package_config:
    dependency: transitive
    description:
      name: package_config
      url: "https://pub.flutter-io.cn"
    source: hosted
    version: "1.1.0"
  package_info:
    dependency: "direct main"
    description:
      name: package_info
      url: "https://pub.flutter-io.cn"
    source: hosted
    version: "0.4.0+13"
  path:
    dependency: transitive
    description:
      name: path
      url: "https://pub.flutter-io.cn"
    source: hosted
    version: "1.6.4"
  path_drawing:
    dependency: transitive
    description:
      name: path_drawing
      url: "https://pub.flutter-io.cn"
    source: hosted
    version: "0.4.1"
  path_parsing:
    dependency: transitive
    description:
      name: path_parsing
      url: "https://pub.flutter-io.cn"
    source: hosted
    version: "0.1.4"
  path_provider:
    dependency: "direct main"
    description:
      name: path_provider
      url: "https://pub.flutter-io.cn"
    source: hosted
    version: "1.5.1"
  pedantic:
    dependency: transitive
    description:
      name: pedantic
      url: "https://pub.flutter-io.cn"
    source: hosted
    version: "1.8.0+1"
  permission_handler:
    dependency: "direct main"
    description:
      name: permission_handler
      url: "https://pub.flutter-io.cn"
    source: hosted
    version: "4.2.0+hotfix.1"
  petitparser:
    dependency: transitive
    description:
      name: petitparser
      url: "https://pub.flutter-io.cn"
    source: hosted
    version: "2.4.0"
  platform:
    dependency: transitive
    description:
      name: platform
      url: "https://pub.flutter-io.cn"
    source: hosted
    version: "2.2.1"
  plugin_platform_interface:
    dependency: transitive
    description:
      name: plugin_platform_interface
      url: "https://pub.flutter-io.cn"
    source: hosted
    version: "1.0.1"
  provider:
    dependency: transitive
    description:
      name: provider
      url: "https://pub.flutter-io.cn"
    source: hosted
    version: "4.0.1"
  pub_semver:
    dependency: transitive
    description:
      name: pub_semver
      url: "https://pub.flutter-io.cn"
    source: hosted
    version: "1.4.2"
  pubspec_parse:
    dependency: transitive
    description:
      name: pubspec_parse
      url: "https://pub.flutter-io.cn"
    source: hosted
    version: "0.1.5"
  quiver:
    dependency: transitive
    description:
      name: quiver
      url: "https://pub.flutter-io.cn"
    source: hosted
    version: "2.0.5"
  rxdart:
    dependency: transitive
    description:
      name: rxdart
      url: "https://pub.flutter-io.cn"
    source: hosted
    version: "0.23.1"
  save_in_gallery:
    dependency: "direct main"
    description:
      name: save_in_gallery
      url: "https://pub.flutter-io.cn"
    source: hosted
    version: "0.1.3"
  screen:
    dependency: transitive
    description:
      name: screen
      url: "https://pub.flutter-io.cn"
    source: hosted
    version: "0.0.5"
  share:
    dependency: "direct main"
    description:
      name: share
      url: "https://pub.flutter-io.cn"
    source: hosted
    version: "0.6.3+5"
  shared_preferences:
    dependency: "direct main"
    description:
      name: shared_preferences
      url: "https://pub.flutter-io.cn"
    source: hosted
    version: "0.5.6"
  shared_preferences_macos:
    dependency: transitive
    description:
      name: shared_preferences_macos
      url: "https://pub.flutter-io.cn"
    source: hosted
    version: "0.0.1+3"
  shared_preferences_platform_interface:
    dependency: transitive
    description:
      name: shared_preferences_platform_interface
      url: "https://pub.flutter-io.cn"
    source: hosted
    version: "1.0.1"
  shared_preferences_web:
    dependency: transitive
    description:
      name: shared_preferences_web
      url: "https://pub.flutter-io.cn"
    source: hosted
    version: "0.1.2+2"
  sky_engine:
    dependency: transitive
    description: flutter
    source: sdk
    version: "0.0.99"
  source_gen:
    dependency: transitive
    description:
      name: source_gen
      url: "https://pub.flutter-io.cn"
    source: hosted
    version: "0.9.4+7"
  source_span:
    dependency: transitive
    description:
      name: source_span
      url: "https://pub.flutter-io.cn"
    source: hosted
    version: "1.5.5"
  sqflite:
    dependency: "direct main"
    description:
      name: sqflite
      url: "https://pub.flutter-io.cn"
    source: hosted
    version: "1.2.0"
  stack_trace:
    dependency: transitive
    description:
      name: stack_trace
      url: "https://pub.flutter-io.cn"
    source: hosted
    version: "1.9.3"
  stream_channel:
    dependency: transitive
    description:
      name: stream_channel
      url: "https://pub.flutter-io.cn"
    source: hosted
    version: "2.0.0"
  string_scanner:
    dependency: transitive
    description:
      name: string_scanner
      url: "https://pub.flutter-io.cn"
    source: hosted
    version: "1.0.5"
  synchronized:
    dependency: transitive
    description:
      name: synchronized
      url: "https://pub.flutter-io.cn"
    source: hosted
    version: "2.1.1"
  term_glyph:
    dependency: transitive
    description:
      name: term_glyph
      url: "https://pub.flutter-io.cn"
    source: hosted
    version: "1.1.0"
  test_api:
    dependency: transitive
    description:
      name: test_api
      url: "https://pub.flutter-io.cn"
    source: hosted
    version: "0.2.11"
  typed_data:
    dependency: transitive
    description:
      name: typed_data
      url: "https://pub.flutter-io.cn"
    source: hosted
    version: "1.1.6"
  url_launcher:
    dependency: "direct main"
    description:
      name: url_launcher
      url: "https://pub.flutter-io.cn"
    source: hosted
    version: "5.4.1"
  url_launcher_macos:
    dependency: transitive
    description:
      name: url_launcher_macos
      url: "https://pub.flutter-io.cn"
    source: hosted
    version: "0.0.1+2"
  url_launcher_platform_interface:
    dependency: transitive
    description:
      name: url_launcher_platform_interface
      url: "https://pub.flutter-io.cn"
    source: hosted
    version: "1.0.5"
  url_launcher_web:
    dependency: transitive
    description:
      name: url_launcher_web
      url: "https://pub.flutter-io.cn"
    source: hosted
    version: "0.1.0+2"
  uuid:
    dependency: transitive
    description:
      name: uuid
      url: "https://pub.flutter-io.cn"
    source: hosted
    version: "2.0.4"
  vector_math:
    dependency: transitive
    description:
      name: vector_math
      url: "https://pub.flutter-io.cn"
    source: hosted
    version: "2.0.8"
  video_player:
    dependency: transitive
    description:
      name: video_player
      url: "https://pub.flutter-io.cn"
    source: hosted
    version: "0.10.5+1"
  video_player_platform_interface:
    dependency: transitive
    description:
      name: video_player_platform_interface
      url: "https://pub.flutter-io.cn"
    source: hosted
    version: "1.0.4"
  video_player_web:
    dependency: transitive
    description:
      name: video_player_web
      url: "https://pub.flutter-io.cn"
    source: hosted
    version: "0.1.1+1"
  watcher:
    dependency: transitive
    description:
      name: watcher
      url: "https://pub.flutter-io.cn"
    source: hosted
    version: "0.9.7+13"
  webview_flutter:
    dependency: "direct main"
    description:
      name: webview_flutter
      url: "https://pub.flutter-io.cn"
    source: hosted
    version: "0.3.19+2"
  xml:
    dependency: transitive
    description:
      name: xml
      url: "https://pub.flutter-io.cn"
    source: hosted
    version: "3.5.0"
  yaml:
    dependency: transitive
    description:
      name: yaml
      url: "https://pub.flutter-io.cn"
    source: hosted
    version: "2.2.0"
  zoom_widget:
    dependency: "direct main"
    description:
      name: zoom_widget
      url: "https://pub.flutter-io.cn"
    source: hosted
    version: "0.1.3"
sdks:
  dart: ">=2.6.0 <3.0.0"
  flutter: ">=1.12.13+hotfix.5 <2.0.0"
